// !$*UTF8*$!
{
	archiveVersion = 1;
	classes = {
	};
	objectVersion = 56;
	objects = {

/* Begin PBXBuildFile section */
		5449BF5B2C5D5BDD00B1E491 /* KPError.swift in Sources */ = {isa = PBXBuildFile; fileRef = 5449BF5A2C5D5BDD00B1E491 /* KPError.swift */; };
		5449BF5D2C5D5C3A00B1E491 /* Alerts.swift in Sources */ = {isa = PBXBuildFile; fileRef = 5449BF5C2C5D5C3A00B1E491 /* Alerts.swift */; };
		5449BF622C5D680D00B1E491 /* RemoteImage.swift in Sources */ = {isa = PBXBuildFile; fileRef = 5449BF612C5D680D00B1E491 /* RemoteImage.swift */; };
		5449BF642C5D69A300B1E491 /* RecipeListCell.swift in Sources */ = {isa = PBXBuildFile; fileRef = 5449BF632C5D69A300B1E491 /* RecipeListCell.swift */; };
		546FFF422C70EA43006CA1EC /* APIRequest.swift in Sources */ = {isa = PBXBuildFile; fileRef = 546FFF412C70EA43006CA1EC /* APIRequest.swift */; };
		546FFF462C70EB1D006CA1EC /* SearchRecipesOnQueryRequest.swift in Sources */ = {isa = PBXBuildFile; fileRef = 546FFF452C70EB1D006CA1EC /* SearchRecipesOnQueryRequest.swift */; };
		546FFF482C70EB51006CA1EC /* SearchRecipesOnParamRequest.swift in Sources */ = {isa = PBXBuildFile; fileRef = 546FFF472C70EB51006CA1EC /* SearchRecipesOnParamRequest.swift */; };
		546FFF4A2C70EBBF006CA1EC /* RecipeDetailRequest.swift in Sources */ = {isa = PBXBuildFile; fileRef = 546FFF492C70EBBF006CA1EC /* RecipeDetailRequest.swift */; };
		546FFF4C2C70EC19006CA1EC /* RecipeSearchResponse.swift in Sources */ = {isa = PBXBuildFile; fileRef = 546FFF4B2C70EC19006CA1EC /* RecipeSearchResponse.swift */; };
		546FFF4E2C70EC2A006CA1EC /* RecipeDetailResponse.swift in Sources */ = {isa = PBXBuildFile; fileRef = 546FFF4D2C70EC2A006CA1EC /* RecipeDetailResponse.swift */; };
		546FFF522C72358B006CA1EC /* KPDissmisButton.swift in Sources */ = {isa = PBXBuildFile; fileRef = 546FFF512C72358B006CA1EC /* KPDissmisButton.swift */; };
		546FFF542C723609006CA1EC /* CustomModifiers.swift in Sources */ = {isa = PBXBuildFile; fileRef = 546FFF532C723609006CA1EC /* CustomModifiers.swift */; };
		546FFF582C724165006CA1EC /* RecipeDetailViewModel.swift in Sources */ = {isa = PBXBuildFile; fileRef = 546FFF572C724165006CA1EC /* RecipeDetailViewModel.swift */; };
		546FFF5A2C724192006CA1EC /* RecipeDetailView.swift in Sources */ = {isa = PBXBuildFile; fileRef = 546FFF592C724192006CA1EC /* RecipeDetailView.swift */; };
		54ABACF92C5BAE5D00A8446D /* RevipeListViewModel.swift in Sources */ = {isa = PBXBuildFile; fileRef = 54ABACF82C5BAE5D00A8446D /* RevipeListViewModel.swift */; };
		54EE38D32C4E3A55001157A9 /* KyaPakayenApp.swift in Sources */ = {isa = PBXBuildFile; fileRef = 54EE38D22C4E3A55001157A9 /* KyaPakayenApp.swift */; };
		54EE38D52C4E3A55001157A9 /* ContentView.swift in Sources */ = {isa = PBXBuildFile; fileRef = 54EE38D42C4E3A55001157A9 /* ContentView.swift */; };
		54EE38D72C4E3A57001157A9 /* Assets.xcassets in Resources */ = {isa = PBXBuildFile; fileRef = 54EE38D62C4E3A57001157A9 /* Assets.xcassets */; };
		54EE38DA2C4E3A57001157A9 /* Preview Assets.xcassets in Resources */ = {isa = PBXBuildFile; fileRef = 54EE38D92C4E3A57001157A9 /* Preview Assets.xcassets */; };
		54EE38DC2C4E3A57001157A9 /* Persistence.swift in Sources */ = {isa = PBXBuildFile; fileRef = 54EE38DB2C4E3A57001157A9 /* Persistence.swift */; };
		54EE38DF2C4E3A57001157A9 /* KyaPakayen.xcdatamodeld in Sources */ = {isa = PBXBuildFile; fileRef = 54EE38DD2C4E3A57001157A9 /* KyaPakayen.xcdatamodeld */; };
		54EE38E62C4E3F3B001157A9 /* GeneralStartView.swift in Sources */ = {isa = PBXBuildFile; fileRef = 54EE38E52C4E3F3B001157A9 /* GeneralStartView.swift */; };
		54EE38EC2C4E5AA4001157A9 /* OnboardingMainView.swift in Sources */ = {isa = PBXBuildFile; fileRef = 54EE38EB2C4E5AA4001157A9 /* OnboardingMainView.swift */; };
		54EE38EE2C4E5AAF001157A9 /* LandingTabview.swift in Sources */ = {isa = PBXBuildFile; fileRef = 54EE38ED2C4E5AAF001157A9 /* LandingTabview.swift */; };
		54EE38F12C4E642B001157A9 /* MealTypes.plist in Resources */ = {isa = PBXBuildFile; fileRef = 54EE38F02C4E642B001157A9 /* MealTypes.plist */; };
		54EE38F32C4E6453001157A9 /* Cuisines.plist in Resources */ = {isa = PBXBuildFile; fileRef = 54EE38F22C4E6453001157A9 /* Cuisines.plist */; };
		54EE38F52C4E6D38001157A9 /* PropertyListManager.swift in Sources */ = {isa = PBXBuildFile; fileRef = 54EE38F42C4E6D38001157A9 /* PropertyListManager.swift */; };
		54EE39012C4E7D67001157A9 /* CuisinesSelectionView.swift in Sources */ = {isa = PBXBuildFile; fileRef = 54EE39002C4E7D67001157A9 /* CuisinesSelectionView.swift */; };
		54EE39062C4E8F07001157A9 /* IngrediantsSelectionView.swift in Sources */ = {isa = PBXBuildFile; fileRef = 54EE39052C4E8F07001157A9 /* IngrediantsSelectionView.swift */; };
		54EE39082C4E9B87001157A9 /* Dietary.plist in Resources */ = {isa = PBXBuildFile; fileRef = 54EE39072C4E9B87001157A9 /* Dietary.plist */; };
		54EE390A2C4E9BFB001157A9 /* AvoidFood.plist in Resources */ = {isa = PBXBuildFile; fileRef = 54EE39092C4E9BFB001157A9 /* AvoidFood.plist */; };
		54EE390D2C4FB021001157A9 /* NetworkManager.swift in Sources */ = {isa = PBXBuildFile; fileRef = 54EE390C2C4FB021001157A9 /* NetworkManager.swift */; };
		54EE390F2C4FB04D001157A9 /* Constants.swift in Sources */ = {isa = PBXBuildFile; fileRef = 54EE390E2C4FB04D001157A9 /* Constants.swift */; };
		54EE39112C4FB09A001157A9 /* Recipe.swift in Sources */ = {isa = PBXBuildFile; fileRef = 54EE39102C4FB09A001157A9 /* Recipe.swift */; };
		54EE39142C4FB277001157A9 /* RecipesListView.swift in Sources */ = {isa = PBXBuildFile; fileRef = 54EE39132C4FB277001157A9 /* RecipesListView.swift */; };
		54EE39162C4FD131001157A9 /* Meal.swift in Sources */ = {isa = PBXBuildFile; fileRef = 54EE39152C4FD131001157A9 /* Meal.swift */; };
		54EE39182C4FD49E001157A9 /* MealTypeSelectionView.swift in Sources */ = {isa = PBXBuildFile; fileRef = 54EE39172C4FD49E001157A9 /* MealTypeSelectionView.swift */; };
		54EE391A2C4FD7E0001157A9 /* Cuisine.swift in Sources */ = {isa = PBXBuildFile; fileRef = 54EE39192C4FD7E0001157A9 /* Cuisine.swift */; };
		54FC93952C70C2D700727E02 /* Endpoint.swift in Sources */ = {isa = PBXBuildFile; fileRef = 54FC93942C70C2D700727E02 /* Endpoint.swift */; };
		54FC93972C70C2E800727E02 /* APIService.swift in Sources */ = {isa = PBXBuildFile; fileRef = 54FC93962C70C2E700727E02 /* APIService.swift */; };
		54FC93992C70C60A00727E02 /* NetworkLogger.swift in Sources */ = {isa = PBXBuildFile; fileRef = 54FC93982C70C60A00727E02 /* NetworkLogger.swift */; };
		54FC939B2C70C6AA00727E02 /* NetworkError.swift in Sources */ = {isa = PBXBuildFile; fileRef = 54FC939A2C70C6AA00727E02 /* NetworkError.swift */; };
/* End PBXBuildFile section */

/* Begin PBXFileReference section */
		5449BF5A2C5D5BDD00B1E491 /* KPError.swift */ = {isa = PBXFileReference; lastKnownFileType = sourcecode.swift; path = KPError.swift; sourceTree = "<group>"; };
		5449BF5C2C5D5C3A00B1E491 /* Alerts.swift */ = {isa = PBXFileReference; lastKnownFileType = sourcecode.swift; path = Alerts.swift; sourceTree = "<group>"; };
		5449BF612C5D680D00B1E491 /* RemoteImage.swift */ = {isa = PBXFileReference; fileEncoding = 4; lastKnownFileType = sourcecode.swift; path = RemoteImage.swift; sourceTree = "<group>"; };
		5449BF632C5D69A300B1E491 /* RecipeListCell.swift */ = {isa = PBXFileReference; lastKnownFileType = sourcecode.swift; path = RecipeListCell.swift; sourceTree = "<group>"; };
		546FFF412C70EA43006CA1EC /* APIRequest.swift */ = {isa = PBXFileReference; lastKnownFileType = sourcecode.swift; path = APIRequest.swift; sourceTree = "<group>"; };
		546FFF452C70EB1D006CA1EC /* SearchRecipesOnQueryRequest.swift */ = {isa = PBXFileReference; lastKnownFileType = sourcecode.swift; path = SearchRecipesOnQueryRequest.swift; sourceTree = "<group>"; };
		546FFF472C70EB51006CA1EC /* SearchRecipesOnParamRequest.swift */ = {isa = PBXFileReference; lastKnownFileType = sourcecode.swift; path = SearchRecipesOnParamRequest.swift; sourceTree = "<group>"; };
		546FFF492C70EBBF006CA1EC /* RecipeDetailRequest.swift */ = {isa = PBXFileReference; lastKnownFileType = sourcecode.swift; path = RecipeDetailRequest.swift; sourceTree = "<group>"; };
		546FFF4B2C70EC19006CA1EC /* RecipeSearchResponse.swift */ = {isa = PBXFileReference; lastKnownFileType = sourcecode.swift; path = RecipeSearchResponse.swift; sourceTree = "<group>"; };
		546FFF4D2C70EC2A006CA1EC /* RecipeDetailResponse.swift */ = {isa = PBXFileReference; lastKnownFileType = sourcecode.swift; path = RecipeDetailResponse.swift; sourceTree = "<group>"; };
		546FFF512C72358B006CA1EC /* KPDissmisButton.swift */ = {isa = PBXFileReference; fileEncoding = 4; lastKnownFileType = sourcecode.swift; path = KPDissmisButton.swift; sourceTree = "<group>"; };
		546FFF532C723609006CA1EC /* CustomModifiers.swift */ = {isa = PBXFileReference; fileEncoding = 4; lastKnownFileType = sourcecode.swift; path = CustomModifiers.swift; sourceTree = "<group>"; };
		546FFF572C724165006CA1EC /* RecipeDetailViewModel.swift */ = {isa = PBXFileReference; lastKnownFileType = sourcecode.swift; path = RecipeDetailViewModel.swift; sourceTree = "<group>"; };
		546FFF592C724192006CA1EC /* RecipeDetailView.swift */ = {isa = PBXFileReference; lastKnownFileType = sourcecode.swift; path = RecipeDetailView.swift; sourceTree = "<group>"; };
		54ABACF82C5BAE5D00A8446D /* RevipeListViewModel.swift */ = {isa = PBXFileReference; lastKnownFileType = sourcecode.swift; path = RevipeListViewModel.swift; sourceTree = "<group>"; };
		54EE38CF2C4E3A55001157A9 /* KyaPakayen.app */ = {isa = PBXFileReference; explicitFileType = wrapper.application; includeInIndex = 0; path = KyaPakayen.app; sourceTree = BUILT_PRODUCTS_DIR; };
		54EE38D22C4E3A55001157A9 /* KyaPakayenApp.swift */ = {isa = PBXFileReference; lastKnownFileType = sourcecode.swift; path = KyaPakayenApp.swift; sourceTree = "<group>"; };
		54EE38D42C4E3A55001157A9 /* ContentView.swift */ = {isa = PBXFileReference; lastKnownFileType = sourcecode.swift; path = ContentView.swift; sourceTree = "<group>"; };
		54EE38D62C4E3A57001157A9 /* Assets.xcassets */ = {isa = PBXFileReference; lastKnownFileType = folder.assetcatalog; path = Assets.xcassets; sourceTree = "<group>"; };
		54EE38D92C4E3A57001157A9 /* Preview Assets.xcassets */ = {isa = PBXFileReference; lastKnownFileType = folder.assetcatalog; path = "Preview Assets.xcassets"; sourceTree = "<group>"; };
		54EE38DB2C4E3A57001157A9 /* Persistence.swift */ = {isa = PBXFileReference; lastKnownFileType = sourcecode.swift; path = Persistence.swift; sourceTree = "<group>"; };
		54EE38DE2C4E3A57001157A9 /* KyaPakayen.xcdatamodel */ = {isa = PBXFileReference; lastKnownFileType = wrapper.xcdatamodel; path = KyaPakayen.xcdatamodel; sourceTree = "<group>"; };
		54EE38E52C4E3F3B001157A9 /* GeneralStartView.swift */ = {isa = PBXFileReference; lastKnownFileType = sourcecode.swift; path = GeneralStartView.swift; sourceTree = "<group>"; };
		54EE38EB2C4E5AA4001157A9 /* OnboardingMainView.swift */ = {isa = PBXFileReference; fileEncoding = 4; lastKnownFileType = sourcecode.swift; path = OnboardingMainView.swift; sourceTree = "<group>"; };
		54EE38ED2C4E5AAF001157A9 /* LandingTabview.swift */ = {isa = PBXFileReference; fileEncoding = 4; lastKnownFileType = sourcecode.swift; path = LandingTabview.swift; sourceTree = "<group>"; };
		54EE38F02C4E642B001157A9 /* MealTypes.plist */ = {isa = PBXFileReference; lastKnownFileType = text.plist.xml; path = MealTypes.plist; sourceTree = "<group>"; };
		54EE38F22C4E6453001157A9 /* Cuisines.plist */ = {isa = PBXFileReference; lastKnownFileType = text.plist.xml; path = Cuisines.plist; sourceTree = "<group>"; };
		54EE38F42C4E6D38001157A9 /* PropertyListManager.swift */ = {isa = PBXFileReference; lastKnownFileType = sourcecode.swift; path = PropertyListManager.swift; sourceTree = "<group>"; };
		54EE39002C4E7D67001157A9 /* CuisinesSelectionView.swift */ = {isa = PBXFileReference; lastKnownFileType = sourcecode.swift; path = CuisinesSelectionView.swift; sourceTree = "<group>"; };
		54EE39052C4E8F07001157A9 /* IngrediantsSelectionView.swift */ = {isa = PBXFileReference; lastKnownFileType = sourcecode.swift; path = IngrediantsSelectionView.swift; sourceTree = "<group>"; };
		54EE39072C4E9B87001157A9 /* Dietary.plist */ = {isa = PBXFileReference; lastKnownFileType = text.plist.xml; path = Dietary.plist; sourceTree = "<group>"; };
		54EE39092C4E9BFB001157A9 /* AvoidFood.plist */ = {isa = PBXFileReference; lastKnownFileType = text.plist.xml; path = AvoidFood.plist; sourceTree = "<group>"; };
		54EE390C2C4FB021001157A9 /* NetworkManager.swift */ = {isa = PBXFileReference; fileEncoding = 4; lastKnownFileType = sourcecode.swift; path = NetworkManager.swift; sourceTree = "<group>"; };
		54EE390E2C4FB04D001157A9 /* Constants.swift */ = {isa = PBXFileReference; fileEncoding = 4; lastKnownFileType = sourcecode.swift; path = Constants.swift; sourceTree = "<group>"; };
		54EE39102C4FB09A001157A9 /* Recipe.swift */ = {isa = PBXFileReference; fileEncoding = 4; lastKnownFileType = sourcecode.swift; path = Recipe.swift; sourceTree = "<group>"; };
		54EE39132C4FB277001157A9 /* RecipesListView.swift */ = {isa = PBXFileReference; lastKnownFileType = sourcecode.swift; path = RecipesListView.swift; sourceTree = "<group>"; };
		54EE39152C4FD131001157A9 /* Meal.swift */ = {isa = PBXFileReference; lastKnownFileType = sourcecode.swift; path = Meal.swift; sourceTree = "<group>"; };
		54EE39172C4FD49E001157A9 /* MealTypeSelectionView.swift */ = {isa = PBXFileReference; lastKnownFileType = sourcecode.swift; path = MealTypeSelectionView.swift; sourceTree = "<group>"; };
		54EE39192C4FD7E0001157A9 /* Cuisine.swift */ = {isa = PBXFileReference; lastKnownFileType = sourcecode.swift; path = Cuisine.swift; sourceTree = "<group>"; };
		54FC93942C70C2D700727E02 /* Endpoint.swift */ = {isa = PBXFileReference; lastKnownFileType = sourcecode.swift; path = Endpoint.swift; sourceTree = "<group>"; };
		54FC93962C70C2E700727E02 /* APIService.swift */ = {isa = PBXFileReference; lastKnownFileType = sourcecode.swift; path = APIService.swift; sourceTree = "<group>"; };
		54FC93982C70C60A00727E02 /* NetworkLogger.swift */ = {isa = PBXFileReference; lastKnownFileType = sourcecode.swift; path = NetworkLogger.swift; sourceTree = "<group>"; };
		54FC939A2C70C6AA00727E02 /* NetworkError.swift */ = {isa = PBXFileReference; lastKnownFileType = sourcecode.swift; path = NetworkError.swift; sourceTree = "<group>"; };
/* End PBXFileReference section */

/* Begin PBXFrameworksBuildPhase section */
		54EE38CC2C4E3A55001157A9 /* Frameworks */ = {
			isa = PBXFrameworksBuildPhase;
			buildActionMask = 2147483647;
			files = (
			);
			runOnlyForDeploymentPostprocessing = 0;
		};
/* End PBXFrameworksBuildPhase section */

/* Begin PBXGroup section */
		5449BF5E2C5D5C7A00B1E491 /* Model */ = {
			isa = PBXGroup;
			children = (
				54EE39102C4FB09A001157A9 /* Recipe.swift */,
				54EE39152C4FD131001157A9 /* Meal.swift */,
				54EE39192C4FD7E0001157A9 /* Cuisine.swift */,
			);
			path = Model;
			sourceTree = "<group>";
		};
		5449BF5F2C5D67ED00B1E491 /* UtilityViews */ = {
			isa = PBXGroup;
			children = (
				546FFF532C723609006CA1EC /* CustomModifiers.swift */,
				546FFF512C72358B006CA1EC /* KPDissmisButton.swift */,
				5449BF602C5D67FA00B1E491 /* Image */,
			);
			path = UtilityViews;
			sourceTree = "<group>";
		};
		5449BF602C5D67FA00B1E491 /* Image */ = {
			isa = PBXGroup;
			children = (
				5449BF612C5D680D00B1E491 /* RemoteImage.swift */,
			);
			path = Image;
			sourceTree = "<group>";
		};
		5449BF652C5E67B000B1E491 /* RecipeDetail */ = {
			isa = PBXGroup;
			children = (
				546FFF592C724192006CA1EC /* RecipeDetailView.swift */,
				546FFF572C724165006CA1EC /* RecipeDetailViewModel.swift */,
			);
			path = RecipeDetail;
			sourceTree = "<group>";
		};
		546FFF432C70EAC0006CA1EC /* Response */ = {
			isa = PBXGroup;
			children = (
				546FFF4B2C70EC19006CA1EC /* RecipeSearchResponse.swift */,
				546FFF4D2C70EC2A006CA1EC /* RecipeDetailResponse.swift */,
			);
			path = Response;
			sourceTree = "<group>";
		};
		546FFF442C70EAD3006CA1EC /* Requests */ = {
			isa = PBXGroup;
			children = (
				546FFF452C70EB1D006CA1EC /* SearchRecipesOnQueryRequest.swift */,
				546FFF472C70EB51006CA1EC /* SearchRecipesOnParamRequest.swift */,
				546FFF492C70EBBF006CA1EC /* RecipeDetailRequest.swift */,
			);
			path = Requests;
			sourceTree = "<group>";
		};
		54EE38C62C4E3A55001157A9 = {
			isa = PBXGroup;
			children = (
				54EE38D12C4E3A55001157A9 /* KyaPakayen */,
				54EE38D02C4E3A55001157A9 /* Products */,
			);
			sourceTree = "<group>";
		};
		54EE38D02C4E3A55001157A9 /* Products */ = {
			isa = PBXGroup;
			children = (
				54EE38CF2C4E3A55001157A9 /* KyaPakayen.app */,
			);
			name = Products;
			sourceTree = "<group>";
		};
		54EE38D12C4E3A55001157A9 /* KyaPakayen */ = {
			isa = PBXGroup;
			children = (
				5449BF5A2C5D5BDD00B1E491 /* KPError.swift */,
				5449BF5C2C5D5C3A00B1E491 /* Alerts.swift */,
				5449BF5E2C5D5C7A00B1E491 /* Model */,
				54EE38F82C4E7BDC001157A9 /* AppEngine */,
				54EE38F62C4E7B98001157A9 /* Managers */,
				54EE38FA2C4E7C19001157A9 /* Views */,
				5449BF5F2C5D67ED00B1E491 /* UtilityViews */,
				54EE38EF2C4E63FE001157A9 /* AllPreLoadedDataPlists */,
				54EE390E2C4FB04D001157A9 /* Constants.swift */,
				54EE38D62C4E3A57001157A9 /* Assets.xcassets */,
				54EE38DB2C4E3A57001157A9 /* Persistence.swift */,
				54EE38DD2C4E3A57001157A9 /* KyaPakayen.xcdatamodeld */,
				54EE38D82C4E3A57001157A9 /* Preview Content */,
			);
			path = KyaPakayen;
			sourceTree = "<group>";
		};
		54EE38D82C4E3A57001157A9 /* Preview Content */ = {
			isa = PBXGroup;
			children = (
				54EE38D92C4E3A57001157A9 /* Preview Assets.xcassets */,
			);
			path = "Preview Content";
			sourceTree = "<group>";
		};
		54EE38EF2C4E63FE001157A9 /* AllPreLoadedDataPlists */ = {
			isa = PBXGroup;
			children = (
				54EE38F02C4E642B001157A9 /* MealTypes.plist */,
				54EE38F22C4E6453001157A9 /* Cuisines.plist */,
				54EE39072C4E9B87001157A9 /* Dietary.plist */,
				54EE39092C4E9BFB001157A9 /* AvoidFood.plist */,
			);
			path = AllPreLoadedDataPlists;
			sourceTree = "<group>";
		};
		54EE38F62C4E7B98001157A9 /* Managers */ = {
			isa = PBXGroup;
			children = (
				54EE390B2C4FB00E001157A9 /* Network */,
				54EE38F72C4E7BA6001157A9 /* PropertyList */,
			);
			path = Managers;
			sourceTree = "<group>";
		};
		54EE38F72C4E7BA6001157A9 /* PropertyList */ = {
			isa = PBXGroup;
			children = (
				54EE38F42C4E6D38001157A9 /* PropertyListManager.swift */,
			);
			path = PropertyList;
			sourceTree = "<group>";
		};
		54EE38F82C4E7BDC001157A9 /* AppEngine */ = {
			isa = PBXGroup;
			children = (
				54EE38D22C4E3A55001157A9 /* KyaPakayenApp.swift */,
			);
			path = AppEngine;
			sourceTree = "<group>";
		};
		54EE38FA2C4E7C19001157A9 /* Views */ = {
			isa = PBXGroup;
			children = (
				5449BF652C5E67B000B1E491 /* RecipeDetail */,
				54EE39122C4FB1D8001157A9 /* RecipesList */,
				54EE39042C4E8EDF001157A9 /* Ingrediants */,
				54EE38FB2C4E7C22001157A9 /* Onbarding */,
				54EE38FC2C4E7C33001157A9 /* Landing */,
				54EE38FE2C4E7D18001157A9 /* MealType */,
				54EE38FF2C4E7D2A001157A9 /* Cusines */,
				54EE38FD2C4E7C50001157A9 /* Extra */,
			);
			path = Views;
			sourceTree = "<group>";
		};
		54EE38FB2C4E7C22001157A9 /* Onbarding */ = {
			isa = PBXGroup;
			children = (
				54EE38EB2C4E5AA4001157A9 /* OnboardingMainView.swift */,
			);
			path = Onbarding;
			sourceTree = "<group>";
		};
		54EE38FC2C4E7C33001157A9 /* Landing */ = {
			isa = PBXGroup;
			children = (
				54EE38ED2C4E5AAF001157A9 /* LandingTabview.swift */,
			);
			path = Landing;
			sourceTree = "<group>";
		};
		54EE38FD2C4E7C50001157A9 /* Extra */ = {
			isa = PBXGroup;
			children = (
				54EE38D42C4E3A55001157A9 /* ContentView.swift */,
				54EE38E52C4E3F3B001157A9 /* GeneralStartView.swift */,
			);
			path = Extra;
			sourceTree = "<group>";
		};
		54EE38FE2C4E7D18001157A9 /* MealType */ = {
			isa = PBXGroup;
			children = (
				54EE39172C4FD49E001157A9 /* MealTypeSelectionView.swift */,
			);
			path = MealType;
			sourceTree = "<group>";
		};
		54EE38FF2C4E7D2A001157A9 /* Cusines */ = {
			isa = PBXGroup;
			children = (
				54EE39002C4E7D67001157A9 /* CuisinesSelectionView.swift */,
			);
			path = Cusines;
			sourceTree = "<group>";
		};
		54EE39042C4E8EDF001157A9 /* Ingrediants */ = {
			isa = PBXGroup;
			children = (
				54EE39052C4E8F07001157A9 /* IngrediantsSelectionView.swift */,
			);
			path = Ingrediants;
			sourceTree = "<group>";
		};
		54EE390B2C4FB00E001157A9 /* Network */ = {
			isa = PBXGroup;
			children = (
				54EE390C2C4FB021001157A9 /* NetworkManager.swift */,
				54FC939A2C70C6AA00727E02 /* NetworkError.swift */,
				54FC93982C70C60A00727E02 /* NetworkLogger.swift */,
				54FC93942C70C2D700727E02 /* Endpoint.swift */,
				54FC93962C70C2E700727E02 /* APIService.swift */,
				54FC938F2C70B87000727E02 /* BaseAPIRequest */,
				546FFF432C70EAC0006CA1EC /* Response */,
			);
			path = Network;
			sourceTree = "<group>";
		};
		54EE39122C4FB1D8001157A9 /* RecipesList */ = {
			isa = PBXGroup;
			children = (
				54EE39132C4FB277001157A9 /* RecipesListView.swift */,
				54ABACF82C5BAE5D00A8446D /* RevipeListViewModel.swift */,
				5449BF632C5D69A300B1E491 /* RecipeListCell.swift */,
			);
			path = RecipesList;
			sourceTree = "<group>";
		};
		54FC938F2C70B87000727E02 /* BaseAPIRequest */ = {
			isa = PBXGroup;
			children = (
				546FFF412C70EA43006CA1EC /* APIRequest.swift */,
				546FFF442C70EAD3006CA1EC /* Requests */,
			);
			path = BaseAPIRequest;
			sourceTree = "<group>";
		};
/* End PBXGroup section */

/* Begin PBXNativeTarget section */
		54EE38CE2C4E3A55001157A9 /* KyaPakayen */ = {
			isa = PBXNativeTarget;
			buildConfigurationList = 54EE38E22C4E3A57001157A9 /* Build configuration list for PBXNativeTarget "KyaPakayen" */;
			buildPhases = (
				54EE38CB2C4E3A55001157A9 /* Sources */,
				54EE38CC2C4E3A55001157A9 /* Frameworks */,
				54EE38CD2C4E3A55001157A9 /* Resources */,
			);
			buildRules = (
			);
			dependencies = (
			);
			name = KyaPakayen;
			productName = KyaPakayen;
			productReference = 54EE38CF2C4E3A55001157A9 /* KyaPakayen.app */;
			productType = "com.apple.product-type.application";
		};
/* End PBXNativeTarget section */

/* Begin PBXProject section */
		54EE38C72C4E3A55001157A9 /* Project object */ = {
			isa = PBXProject;
			attributes = {
				BuildIndependentTargetsInParallel = 1;
				LastSwiftUpdateCheck = 1540;
				LastUpgradeCheck = 1540;
				TargetAttributes = {
					54EE38CE2C4E3A55001157A9 = {
						CreatedOnToolsVersion = 15.4;
					};
				};
			};
			buildConfigurationList = 54EE38CA2C4E3A55001157A9 /* Build configuration list for PBXProject "KyaPakayen" */;
			compatibilityVersion = "Xcode 14.0";
			developmentRegion = en;
			hasScannedForEncodings = 0;
			knownRegions = (
				en,
				Base,
			);
			mainGroup = 54EE38C62C4E3A55001157A9;
			productRefGroup = 54EE38D02C4E3A55001157A9 /* Products */;
			projectDirPath = "";
			projectRoot = "";
			targets = (
				54EE38CE2C4E3A55001157A9 /* KyaPakayen */,
			);
		};
/* End PBXProject section */

/* Begin PBXResourcesBuildPhase section */
		54EE38CD2C4E3A55001157A9 /* Resources */ = {
			isa = PBXResourcesBuildPhase;
			buildActionMask = 2147483647;
			files = (
				54EE38F12C4E642B001157A9 /* MealTypes.plist in Resources */,
				54EE38DA2C4E3A57001157A9 /* Preview Assets.xcassets in Resources */,
				54EE390A2C4E9BFB001157A9 /* AvoidFood.plist in Resources */,
				54EE39082C4E9B87001157A9 /* Dietary.plist in Resources */,
				54EE38D72C4E3A57001157A9 /* Assets.xcassets in Resources */,
				54EE38F32C4E6453001157A9 /* Cuisines.plist in Resources */,
			);
			runOnlyForDeploymentPostprocessing = 0;
		};
/* End PBXResourcesBuildPhase section */

/* Begin PBXSourcesBuildPhase section */
		54EE38CB2C4E3A55001157A9 /* Sources */ = {
			isa = PBXSourcesBuildPhase;
			buildActionMask = 2147483647;
			files = (
				54EE390D2C4FB021001157A9 /* NetworkManager.swift in Sources */,
				54FC939B2C70C6AA00727E02 /* NetworkError.swift in Sources */,
				54FC93952C70C2D700727E02 /* Endpoint.swift in Sources */,
				54EE38F52C4E6D38001157A9 /* PropertyListManager.swift in Sources */,
				54EE391A2C4FD7E0001157A9 /* Cuisine.swift in Sources */,
				546FFF582C724165006CA1EC /* RecipeDetailViewModel.swift in Sources */,
				54EE38DC2C4E3A57001157A9 /* Persistence.swift in Sources */,
				54FC93992C70C60A00727E02 /* NetworkLogger.swift in Sources */,
				54EE38E62C4E3F3B001157A9 /* GeneralStartView.swift in Sources */,
				546FFF462C70EB1D006CA1EC /* SearchRecipesOnQueryRequest.swift in Sources */,
				546FFF482C70EB51006CA1EC /* SearchRecipesOnParamRequest.swift in Sources */,
				54EE38DF2C4E3A57001157A9 /* KyaPakayen.xcdatamodeld in Sources */,
				546FFF4A2C70EBBF006CA1EC /* RecipeDetailRequest.swift in Sources */,
				5449BF5D2C5D5C3A00B1E491 /* Alerts.swift in Sources */,
				54EE38D52C4E3A55001157A9 /* ContentView.swift in Sources */,
				5449BF5B2C5D5BDD00B1E491 /* KPError.swift in Sources */,
				5449BF622C5D680D00B1E491 /* RemoteImage.swift in Sources */,
				54EE38EE2C4E5AAF001157A9 /* LandingTabview.swift in Sources */,
				54EE39142C4FB277001157A9 /* RecipesListView.swift in Sources */,
				546FFF5A2C724192006CA1EC /* RecipeDetailView.swift in Sources */,
				546FFF4C2C70EC19006CA1EC /* RecipeSearchResponse.swift in Sources */,
				54EE39182C4FD49E001157A9 /* MealTypeSelectionView.swift in Sources */,
				54EE390F2C4FB04D001157A9 /* Constants.swift in Sources */,
				54EE38EC2C4E5AA4001157A9 /* OnboardingMainView.swift in Sources */,
				5449BF642C5D69A300B1E491 /* RecipeListCell.swift in Sources */,
				54EE39162C4FD131001157A9 /* Meal.swift in Sources */,
				546FFF4E2C70EC2A006CA1EC /* RecipeDetailResponse.swift in Sources */,
				546FFF542C723609006CA1EC /* CustomModifiers.swift in Sources */,
				54FC93972C70C2E800727E02 /* APIService.swift in Sources */,
				54ABACF92C5BAE5D00A8446D /* RevipeListViewModel.swift in Sources */,
				546FFF422C70EA43006CA1EC /* APIRequest.swift in Sources */,
				54EE39112C4FB09A001157A9 /* Recipe.swift in Sources */,
				54EE39012C4E7D67001157A9 /* CuisinesSelectionView.swift in Sources */,
				54EE39062C4E8F07001157A9 /* IngrediantsSelectionView.swift in Sources */,
				54EE38D32C4E3A55001157A9 /* KyaPakayenApp.swift in Sources */,
				546FFF522C72358B006CA1EC /* KPDissmisButton.swift in Sources */,
			);
			runOnlyForDeploymentPostprocessing = 0;
		};
/* End PBXSourcesBuildPhase section */

/* Begin XCBuildConfiguration section */
		54EE38E02C4E3A57001157A9 /* Debug */ = {
			isa = XCBuildConfiguration;
			buildSettings = {
				ALWAYS_SEARCH_USER_PATHS = NO;
				ASSETCATALOG_COMPILER_GENERATE_SWIFT_ASSET_SYMBOL_EXTENSIONS = YES;
				CLANG_ANALYZER_NONNULL = YES;
				CLANG_ANALYZER_NUMBER_OBJECT_CONVERSION = YES_AGGRESSIVE;
				CLANG_CXX_LANGUAGE_STANDARD = "gnu++20";
				CLANG_ENABLE_MODULES = YES;
				CLANG_ENABLE_OBJC_ARC = YES;
				CLANG_ENABLE_OBJC_WEAK = YES;
				CLANG_WARN_BLOCK_CAPTURE_AUTORELEASING = YES;
				CLANG_WARN_BOOL_CONVERSION = YES;
				CLANG_WARN_COMMA = YES;
				CLANG_WARN_CONSTANT_CONVERSION = YES;
				CLANG_WARN_DEPRECATED_OBJC_IMPLEMENTATIONS = YES;
				CLANG_WARN_DIRECT_OBJC_ISA_USAGE = YES_ERROR;
				CLANG_WARN_DOCUMENTATION_COMMENTS = YES;
				CLANG_WARN_EMPTY_BODY = YES;
				CLANG_WARN_ENUM_CONVERSION = YES;
				CLANG_WARN_INFINITE_RECURSION = YES;
				CLANG_WARN_INT_CONVERSION = YES;
				CLANG_WARN_NON_LITERAL_NULL_CONVERSION = YES;
				CLANG_WARN_OBJC_IMPLICIT_RETAIN_SELF = YES;
				CLANG_WARN_OBJC_LITERAL_CONVERSION = YES;
				CLANG_WARN_OBJC_ROOT_CLASS = YES_ERROR;
				CLANG_WARN_QUOTED_INCLUDE_IN_FRAMEWORK_HEADER = YES;
				CLANG_WARN_RANGE_LOOP_ANALYSIS = YES;
				CLANG_WARN_STRICT_PROTOTYPES = YES;
				CLANG_WARN_SUSPICIOUS_MOVE = YES;
				CLANG_WARN_UNGUARDED_AVAILABILITY = YES_AGGRESSIVE;
				CLANG_WARN_UNREACHABLE_CODE = YES;
				CLANG_WARN__DUPLICATE_METHOD_MATCH = YES;
				COPY_PHASE_STRIP = NO;
				DEBUG_INFORMATION_FORMAT = dwarf;
				ENABLE_STRICT_OBJC_MSGSEND = YES;
				ENABLE_TESTABILITY = YES;
				ENABLE_USER_SCRIPT_SANDBOXING = YES;
				GCC_C_LANGUAGE_STANDARD = gnu17;
				GCC_DYNAMIC_NO_PIC = NO;
				GCC_NO_COMMON_BLOCKS = YES;
				GCC_OPTIMIZATION_LEVEL = 0;
				GCC_PREPROCESSOR_DEFINITIONS = (
					"DEBUG=1",
					"$(inherited)",
				);
				GCC_WARN_64_TO_32_BIT_CONVERSION = YES;
				GCC_WARN_ABOUT_RETURN_TYPE = YES_ERROR;
				GCC_WARN_UNDECLARED_SELECTOR = YES;
				GCC_WARN_UNINITIALIZED_AUTOS = YES_AGGRESSIVE;
				GCC_WARN_UNUSED_FUNCTION = YES;
				GCC_WARN_UNUSED_VARIABLE = YES;
				IPHONEOS_DEPLOYMENT_TARGET = 17.5;
				LOCALIZATION_PREFERS_STRING_CATALOGS = YES;
				MTL_ENABLE_DEBUG_INFO = INCLUDE_SOURCE;
				MTL_FAST_MATH = YES;
				ONLY_ACTIVE_ARCH = YES;
				SDKROOT = iphoneos;
				SWIFT_ACTIVE_COMPILATION_CONDITIONS = "DEBUG $(inherited)";
				SWIFT_OPTIMIZATION_LEVEL = "-Onone";
			};
			name = Debug;
		};
		54EE38E12C4E3A57001157A9 /* Release */ = {
			isa = XCBuildConfiguration;
			buildSettings = {
				ALWAYS_SEARCH_USER_PATHS = NO;
				ASSETCATALOG_COMPILER_GENERATE_SWIFT_ASSET_SYMBOL_EXTENSIONS = YES;
				CLANG_ANALYZER_NONNULL = YES;
				CLANG_ANALYZER_NUMBER_OBJECT_CONVERSION = YES_AGGRESSIVE;
				CLANG_CXX_LANGUAGE_STANDARD = "gnu++20";
				CLANG_ENABLE_MODULES = YES;
				CLANG_ENABLE_OBJC_ARC = YES;
				CLANG_ENABLE_OBJC_WEAK = YES;
				CLANG_WARN_BLOCK_CAPTURE_AUTORELEASING = YES;
				CLANG_WARN_BOOL_CONVERSION = YES;
				CLANG_WARN_COMMA = YES;
				CLANG_WARN_CONSTANT_CONVERSION = YES;
				CLANG_WARN_DEPRECATED_OBJC_IMPLEMENTATIONS = YES;
				CLANG_WARN_DIRECT_OBJC_ISA_USAGE = YES_ERROR;
				CLANG_WARN_DOCUMENTATION_COMMENTS = YES;
				CLANG_WARN_EMPTY_BODY = YES;
				CLANG_WARN_ENUM_CONVERSION = YES;
				CLANG_WARN_INFINITE_RECURSION = YES;
				CLANG_WARN_INT_CONVERSION = YES;
				CLANG_WARN_NON_LITERAL_NULL_CONVERSION = YES;
				CLANG_WARN_OBJC_IMPLICIT_RETAIN_SELF = YES;
				CLANG_WARN_OBJC_LITERAL_CONVERSION = YES;
				CLANG_WARN_OBJC_ROOT_CLASS = YES_ERROR;
				CLANG_WARN_QUOTED_INCLUDE_IN_FRAMEWORK_HEADER = YES;
				CLANG_WARN_RANGE_LOOP_ANALYSIS = YES;
				CLANG_WARN_STRICT_PROTOTYPES = YES;
				CLANG_WARN_SUSPICIOUS_MOVE = YES;
				CLANG_WARN_UNGUARDED_AVAILABILITY = YES_AGGRESSIVE;
				CLANG_WARN_UNREACHABLE_CODE = YES;
				CLANG_WARN__DUPLICATE_METHOD_MATCH = YES;
				COPY_PHASE_STRIP = NO;
				DEBUG_INFORMATION_FORMAT = "dwarf-with-dsym";
				ENABLE_NS_ASSERTIONS = NO;
				ENABLE_STRICT_OBJC_MSGSEND = YES;
				ENABLE_USER_SCRIPT_SANDBOXING = YES;
				GCC_C_LANGUAGE_STANDARD = gnu17;
				GCC_NO_COMMON_BLOCKS = YES;
				GCC_WARN_64_TO_32_BIT_CONVERSION = YES;
				GCC_WARN_ABOUT_RETURN_TYPE = YES_ERROR;
				GCC_WARN_UNDECLARED_SELECTOR = YES;
				GCC_WARN_UNINITIALIZED_AUTOS = YES_AGGRESSIVE;
				GCC_WARN_UNUSED_FUNCTION = YES;
				GCC_WARN_UNUSED_VARIABLE = YES;
				IPHONEOS_DEPLOYMENT_TARGET = 17.5;
				LOCALIZATION_PREFERS_STRING_CATALOGS = YES;
				MTL_ENABLE_DEBUG_INFO = NO;
				MTL_FAST_MATH = YES;
				SDKROOT = iphoneos;
				SWIFT_COMPILATION_MODE = wholemodule;
				VALIDATE_PRODUCT = YES;
			};
			name = Release;
		};
		54EE38E32C4E3A57001157A9 /* Debug */ = {
			isa = XCBuildConfiguration;
			buildSettings = {
				ASSETCATALOG_COMPILER_APPICON_NAME = AppIcon;
				ASSETCATALOG_COMPILER_GLOBAL_ACCENT_COLOR_NAME = AccentColor;
				CODE_SIGN_STYLE = Automatic;
				CURRENT_PROJECT_VERSION = 1;
				DEVELOPMENT_ASSET_PATHS = "\"KyaPakayen/Preview Content\"";
				DEVELOPMENT_TEAM = DMAPUPKPJR;
				ENABLE_PREVIEWS = YES;
				GENERATE_INFOPLIST_FILE = YES;
				INFOPLIST_KEY_UIApplicationSceneManifest_Generation = YES;
				INFOPLIST_KEY_UIApplicationSupportsIndirectInputEvents = YES;
				INFOPLIST_KEY_UILaunchScreen_Generation = YES;
				INFOPLIST_KEY_UISupportedInterfaceOrientations_iPad = "UIInterfaceOrientationPortrait UIInterfaceOrientationPortraitUpsideDown UIInterfaceOrientationLandscapeLeft UIInterfaceOrientationLandscapeRight";
				INFOPLIST_KEY_UISupportedInterfaceOrientations_iPhone = "UIInterfaceOrientationPortrait UIInterfaceOrientationLandscapeLeft UIInterfaceOrientationLandscapeRight";
				IPHONEOS_DEPLOYMENT_TARGET = 16.0;
				LD_RUNPATH_SEARCH_PATHS = (
					"$(inherited)",
					"@executable_path/Frameworks",
				);
				MARKETING_VERSION = 1.0;
				PRODUCT_BUNDLE_IDENTIFIER = Maliha.KyaPakayen;
				PRODUCT_NAME = "$(TARGET_NAME)";
				SWIFT_EMIT_LOC_STRINGS = YES;
				SWIFT_VERSION = 5.0;
				TARGETED_DEVICE_FAMILY = "1,2";
			};
			name = Debug;
		};
		54EE38E42C4E3A57001157A9 /* Release */ = {
			isa = XCBuildConfiguration;
			buildSettings = {
				ASSETCATALOG_COMPILER_APPICON_NAME = AppIcon;
				ASSETCATALOG_COMPILER_GLOBAL_ACCENT_COLOR_NAME = AccentColor;
				CODE_SIGN_STYLE = Automatic;
				CURRENT_PROJECT_VERSION = 1;
				DEVELOPMENT_ASSET_PATHS = "\"KyaPakayen/Preview Content\"";
				DEVELOPMENT_TEAM = DMAPUPKPJR;
				ENABLE_PREVIEWS = YES;
				GENERATE_INFOPLIST_FILE = YES;
				INFOPLIST_KEY_UIApplicationSceneManifest_Generation = YES;
				INFOPLIST_KEY_UIApplicationSupportsIndirectInputEvents = YES;
				INFOPLIST_KEY_UILaunchScreen_Generation = YES;
				INFOPLIST_KEY_UISupportedInterfaceOrientations_iPad = "UIInterfaceOrientationPortrait UIInterfaceOrientationPortraitUpsideDown UIInterfaceOrientationLandscapeLeft UIInterfaceOrientationLandscapeRight";
				INFOPLIST_KEY_UISupportedInterfaceOrientations_iPhone = "UIInterfaceOrientationPortrait UIInterfaceOrientationLandscapeLeft UIInterfaceOrientationLandscapeRight";
				IPHONEOS_DEPLOYMENT_TARGET = 16.0;
				LD_RUNPATH_SEARCH_PATHS = (
					"$(inherited)",
					"@executable_path/Frameworks",
				);
				MARKETING_VERSION = 1.0;
				PRODUCT_BUNDLE_IDENTIFIER = Maliha.KyaPakayen;
				PRODUCT_NAME = "$(TARGET_NAME)";
				SWIFT_EMIT_LOC_STRINGS = YES;
				SWIFT_VERSION = 5.0;
				TARGETED_DEVICE_FAMILY = "1,2";
			};
			name = Release;
		};
/* End XCBuildConfiguration section */

/* Begin XCConfigurationList section */
		54EE38CA2C4E3A55001157A9 /* Build configuration list for PBXProject "KyaPakayen" */ = {
			isa = XCConfigurationList;
			buildConfigurations = (
				54EE38E02C4E3A57001157A9 /* Debug */,
				54EE38E12C4E3A57001157A9 /* Release */,
			);
			defaultConfigurationIsVisible = 0;
			defaultConfigurationName = Release;
		};
		54EE38E22C4E3A57001157A9 /* Build configuration list for PBXNativeTarget "KyaPakayen" */ = {
			isa = XCConfigurationList;
			buildConfigurations = (
				54EE38E32C4E3A57001157A9 /* Debug */,
				54EE38E42C4E3A57001157A9 /* Release */,
			);
			defaultConfigurationIsVisible = 0;
			defaultConfigurationName = Release;
		};
/* End XCConfigurationList section */

/* Begin XCVersionGroup section */
		54EE38DD2C4E3A57001157A9 /* KyaPakayen.xcdatamodeld */ = {
			isa = XCVersionGroup;
			children = (
				54EE38DE2C4E3A57001157A9 /* KyaPakayen.xcdatamodel */,
			);
			currentVersion = 54EE38DE2C4E3A57001157A9 /* KyaPakayen.xcdatamodel */;
			path = KyaPakayen.xcdatamodeld;
			sourceTree = "<group>";
			versionGroupType = wrapper.xcdatamodel;
		};
/* End XCVersionGroup section */
	};
	rootObject = 54EE38C72C4E3A55001157A9 /* Project object */;
}
